
Microsoft Visual Studio Solution File, Format Version 12.00
Project("{2150E333-8FDC-42A3-9474-1A3956D46DE8}") = "Zeebe.Client", "Zeebe.Client", "{75C821A3-3791-40CB-BC1B-4E0EA7133367}"
EndProject
Project("{2150E333-8FDC-42A3-9474-1A3956D46DE8}") = "Zeebe.Client.Accelerator", "Zeebe.Client.Accelerator", "{84990A2A-E457-42D6-8E84-A2B6F735D497}"
EndProject
Project("{2150E333-8FDC-42A3-9474-1A3956D46DE8}") = "Tests", "Tests", "{0A169965-4758-44B3-AE14-28B2405DE037}"
EndProject
Project("{2150E333-8FDC-42A3-9474-1A3956D46DE8}") = "Examples", "Examples", "{81258B5D-45CC-4120-AAC6-9B1926F7E775}"
EndProject
Project("{FAE04EC0-301F-11D3-BF4B-00C04F79EFBC}") = "Client", "Zeebe.Client\Client\Client.csproj", "{4937A0EC-0507-4F76-9E08-64367664BA87}"
EndProject
Project("{FAE04EC0-301F-11D3-BF4B-00C04F79EFBC}") = "Client.Cloud.Example", "Zeebe.Client\Client.Cloud.Example\Client.Cloud.Example.csproj", "{24E330F3-7FE9-4A02-9F8D-910930FBE648}"
EndProject
Project("{FAE04EC0-301F-11D3-BF4B-00C04F79EFBC}") = "Client.Examples", "Zeebe.Client\Client.Examples\Client.Examples.csproj", "{E8F4D2CF-1883-4EBF-9CCE-EDC6B4C8041B}"
EndProject
Project("{FAE04EC0-301F-11D3-BF4B-00C04F79EFBC}") = "Client.IntegrationTests", "Zeebe.Client\Client.IntegrationTests\Client.IntegrationTests.csproj", "{81400FD1-D27C-44D1-8E34-0A191EDDA465}"
EndProject
Project("{FAE04EC0-301F-11D3-BF4B-00C04F79EFBC}") = "Client.UnitTests", "Zeebe.Client\Client.UnitTests\Client.UnitTests.csproj", "{CF706270-38EB-47A1-B362-371DB8CC4754}"
EndProject
Project("{2150E333-8FDC-42A3-9474-1A3956D46DE8}") = "Examples", "Examples", "{7711CDEC-5E9C-4B53-BE84-47DA765A2F3A}"
EndProject
Project("{2150E333-8FDC-42A3-9474-1A3956D46DE8}") = "Tests", "Tests", "{59A39EA2-86F2-4C36-BBF4-01B32ED8F58A}"
EndProject
Project("{FAE04EC0-301F-11D3-BF4B-00C04F79EFBC}") = "Zeebe.Client.Accelerator", "Zeebe.Client.Accelerator\Zeebe.Client.Accelerator\Zeebe.Client.Accelerator.csproj", "{F4C6CE38-6F1E-49D8-80A6-E26DFBFF0A54}"
EndProject
Project("{FAE04EC0-301F-11D3-BF4B-00C04F79EFBC}") = "Zeebe.Client.Accelerator.Integration.Tests", "Zeebe.Client.Accelerator\Zeebe.Client.Accelerator.Integration.Tests\Zeebe.Client.Accelerator.Integration.Tests.csproj", "{328B371E-C5C2-4AED-A9BA-28BD63C39F66}"
EndProject
Project("{FAE04EC0-301F-11D3-BF4B-00C04F79EFBC}") = "Zeebe.Client.Accelerator.Unit.Tests", "Zeebe.Client.Accelerator\Zeebe.Client.Accelerator.Unit.Tests\Zeebe.Client.Accelerator.Unit.Tests.csproj", "{B41CA16C-B343-4193-85FC-4D0950C0FE71}"
EndProject
Project("{FAE04EC0-301F-11D3-BF4B-00C04F79EFBC}") = "Zeebe-Client-Accelerator-Showcase", "Zeebe.Client.Accelerator\Zeebe-Client-Accelerator-Showcase\Zeebe-Client-Accelerator-Showcase.csproj", "{93C60889-9DE1-4C67-B095-AFE2CCC6DC5B}"
EndProject
Project("{FAE04EC0-301F-11D3-BF4B-00C04F79EFBC}") = "Zeebe-Client-Accelerator-Showcase-Test", "Zeebe.Client.Accelerator\Zeebe-Client-Accelerator-Showcase-Test\Zeebe-Client-Accelerator-Showcase-Test.csproj", "{AB3CC28E-BF4F-43B9-A7F4-7605E89D5E47}"
EndProject
Global
	GlobalSection(SolutionConfigurationPlatforms) = preSolution
		Debug|Any CPU = Debug|Any CPU
		Release|Any CPU = Release|Any CPU
	EndGlobalSection
	GlobalSection(NestedProjects) = preSolution
		{0A169965-4758-44B3-AE14-28B2405DE037} = {75C821A3-3791-40CB-BC1B-4E0EA7133367}
		{81258B5D-45CC-4120-AAC6-9B1926F7E775} = {75C821A3-3791-40CB-BC1B-4E0EA7133367}
		{4937A0EC-0507-4F76-9E08-64367664BA87} = {75C821A3-3791-40CB-BC1B-4E0EA7133367}
		{24E330F3-7FE9-4A02-9F8D-910930FBE648} = {81258B5D-45CC-4120-AAC6-9B1926F7E775}
		{E8F4D2CF-1883-4EBF-9CCE-EDC6B4C8041B} = {81258B5D-45CC-4120-AAC6-9B1926F7E775}
		{81400FD1-D27C-44D1-8E34-0A191EDDA465} = {0A169965-4758-44B3-AE14-28B2405DE037}
		{CF706270-38EB-47A1-B362-371DB8CC4754} = {0A169965-4758-44B3-AE14-28B2405DE037}
		{7711CDEC-5E9C-4B53-BE84-47DA765A2F3A} = {84990A2A-E457-42D6-8E84-A2B6F735D497}
		{59A39EA2-86F2-4C36-BBF4-01B32ED8F58A} = {84990A2A-E457-42D6-8E84-A2B6F735D497}
		{F4C6CE38-6F1E-49D8-80A6-E26DFBFF0A54} = {84990A2A-E457-42D6-8E84-A2B6F735D497}
		{328B371E-C5C2-4AED-A9BA-28BD63C39F66} = {59A39EA2-86F2-4C36-BBF4-01B32ED8F58A}
		{B41CA16C-B343-4193-85FC-4D0950C0FE71} = {59A39EA2-86F2-4C36-BBF4-01B32ED8F58A}
		{93C60889-9DE1-4C67-B095-AFE2CCC6DC5B} = {7711CDEC-5E9C-4B53-BE84-47DA765A2F3A}
		{AB3CC28E-BF4F-43B9-A7F4-7605E89D5E47} = {7711CDEC-5E9C-4B53-BE84-47DA765A2F3A}
	EndGlobalSection
	GlobalSection(ProjectConfigurationPlatforms) = postSolution
		{4937A0EC-0507-4F76-9E08-64367664BA87}.Debug|Any CPU.ActiveCfg = Debug|Any CPU
		{4937A0EC-0507-4F76-9E08-64367664BA87}.Debug|Any CPU.Build.0 = Debug|Any CPU
		{4937A0EC-0507-4F76-9E08-64367664BA87}.Release|Any CPU.ActiveCfg = Release|Any CPU
		{4937A0EC-0507-4F76-9E08-64367664BA87}.Release|Any CPU.Build.0 = Release|Any CPU
		{24E330F3-7FE9-4A02-9F8D-910930FBE648}.Debug|Any CPU.ActiveCfg = Debug|Any CPU
		{24E330F3-7FE9-4A02-9F8D-910930FBE648}.Debug|Any CPU.Build.0 = Debug|Any CPU
		{24E330F3-7FE9-4A02-9F8D-910930FBE648}.Release|Any CPU.ActiveCfg = Release|Any CPU
		{24E330F3-7FE9-4A02-9F8D-910930FBE648}.Release|Any CPU.Build.0 = Release|Any CPU
		{E8F4D2CF-1883-4EBF-9CCE-EDC6B4C8041B}.Debug|Any CPU.ActiveCfg = Debug|Any CPU
		{E8F4D2CF-1883-4EBF-9CCE-EDC6B4C8041B}.Debug|Any CPU.Build.0 = Debug|Any CPU
		{E8F4D2CF-1883-4EBF-9CCE-EDC6B4C8041B}.Release|Any CPU.ActiveCfg = Release|Any CPU
		{E8F4D2CF-1883-4EBF-9CCE-EDC6B4C8041B}.Release|Any CPU.Build.0 = Release|Any CPU
		{81400FD1-D27C-44D1-8E34-0A191EDDA465}.Debug|Any CPU.ActiveCfg = Debug|Any CPU
		{81400FD1-D27C-44D1-8E34-0A191EDDA465}.Debug|Any CPU.Build.0 = Debug|Any CPU
		{81400FD1-D27C-44D1-8E34-0A191EDDA465}.Release|Any CPU.ActiveCfg = Release|Any CPU
		{81400FD1-D27C-44D1-8E34-0A191EDDA465}.Release|Any CPU.Build.0 = Release|Any CPU
		{CF706270-38EB-47A1-B362-371DB8CC4754}.Debug|Any CPU.ActiveCfg = Debug|Any CPU
		{CF706270-38EB-47A1-B362-371DB8CC4754}.Debug|Any CPU.Build.0 = Debug|Any CPU
		{CF706270-38EB-47A1-B362-371DB8CC4754}.Release|Any CPU.ActiveCfg = Release|Any CPU
		{CF706270-38EB-47A1-B362-371DB8CC4754}.Release|Any CPU.Build.0 = Release|Any CPU
		{F4C6CE38-6F1E-49D8-80A6-E26DFBFF0A54}.Debug|Any CPU.ActiveCfg = Debug|Any CPU
		{F4C6CE38-6F1E-49D8-80A6-E26DFBFF0A54}.Debug|Any CPU.Build.0 = Debug|Any CPU
		{F4C6CE38-6F1E-49D8-80A6-E26DFBFF0A54}.Release|Any CPU.ActiveCfg = Release|Any CPU
		{F4C6CE38-6F1E-49D8-80A6-E26DFBFF0A54}.Release|Any CPU.Build.0 = Release|Any CPU
		{328B371E-C5C2-4AED-A9BA-28BD63C39F66}.Debug|Any CPU.ActiveCfg = Debug|Any CPU
		{328B371E-C5C2-4AED-A9BA-28BD63C39F66}.Debug|Any CPU.Build.0 = Debug|Any CPU
		{328B371E-C5C2-4AED-A9BA-28BD63C39F66}.Release|Any CPU.ActiveCfg = Release|Any CPU
		{328B371E-C5C2-4AED-A9BA-28BD63C39F66}.Release|Any CPU.Build.0 = Release|Any CPU
		{B41CA16C-B343-4193-85FC-4D0950C0FE71}.Debug|Any CPU.ActiveCfg = Debug|Any CPU
		{B41CA16C-B343-4193-85FC-4D0950C0FE71}.Debug|Any CPU.Build.0 = Debug|Any CPU
		{B41CA16C-B343-4193-85FC-4D0950C0FE71}.Release|Any CPU.ActiveCfg = Release|Any CPU
		{B41CA16C-B343-4193-85FC-4D0950C0FE71}.Release|Any CPU.Build.0 = Release|Any CPU
		{93C60889-9DE1-4C67-B095-AFE2CCC6DC5B}.Debug|Any CPU.ActiveCfg = Debug|Any CPU
		{93C60889-9DE1-4C67-B095-AFE2CCC6DC5B}.Debug|Any CPU.Build.0 = Debug|Any CPU
		{93C60889-9DE1-4C67-B095-AFE2CCC6DC5B}.Release|Any CPU.ActiveCfg = Release|Any CPU
		{93C60889-9DE1-4C67-B095-AFE2CCC6DC5B}.Release|Any CPU.Build.0 = Release|Any CPU
		{AB3CC28E-BF4F-43B9-A7F4-7605E89D5E47}.Debug|Any CPU.ActiveCfg = Debug|Any CPU
		{AB3CC28E-BF4F-43B9-A7F4-7605E89D5E47}.Debug|Any CPU.Build.0 = Debug|Any CPU
		{AB3CC28E-BF4F-43B9-A7F4-7605E89D5E47}.Release|Any CPU.ActiveCfg = Release|Any CPU
		{AB3CC28E-BF4F-43B9-A7F4-7605E89D5E47}.Release|Any CPU.Build.0 = Release|Any CPU
	EndGlobalSection
EndGlobal
